Microsoft Visual Studio Solution File, Format Version 12.00
# Visual Studio 15
VisualStudioVersion = 15.0.26228.4
MinimumVisualStudioVersion = 10.0.40219.1
Project("{2150E333-8FDC-42A3-9474-1A3956D46DE8}") = "stuff", "stuff", "{1ABDD7C1-1F8D-402D-8692-3E4B66962DE0}"
	ProjectSection(SolutionItems) = preProject
		CHANGELOG.md = CHANGELOG.md
		CONTRIBUTING.md = CONTRIBUTING.md
		LICENSE.md = LICENSE.md
		README.md = README.md
	EndProjectSection
EndProject
Project("{FAE04EC0-301F-11D3-BF4B-00C04F79EFBC}") = "Rebus.AmazonSQS", "Rebus.AmazonSQS\Rebus.AmazonSQS.csproj", "{5943A487-5B6C-43CC-AD31-8AC4AA3CA5D9}"
EndProject
Project("{FAE04EC0-301F-11D3-BF4B-00C04F79EFBC}") = "Rebus.AmazonSQS.Tests", "Rebus.AmazonSQS.Tests\Rebus.AmazonSQS.Tests.csproj", "{FD39B818-74CA-4612-A65B-37886CC0C26E}"
EndProject
Global
	GlobalSection(SolutionConfigurationPlatforms) = preSolution
		Debug|Any CPU = Debug|Any CPU
		Release|Any CPU = Release|Any CPU
	EndGlobalSection
	GlobalSection(ProjectConfigurationPlatforms) = postSolution
		{5943A487-5B6C-43CC-AD31-8AC4AA3CA5D9}.Debug|Any CPU.ActiveCfg = Debug|Any CPU
		{5943A487-5B6C-43CC-AD31-8AC4AA3CA5D9}.Debug|Any CPU.Build.0 = Debug|Any CPU
		{5943A487-5B6C-43CC-AD31-8AC4AA3CA5D9}.Release|Any CPU.ActiveCfg = Release|Any CPU
		{5943A487-5B6C-43CC-AD31-8AC4AA3CA5D9}.Release|Any CPU.Build.0 = Release|Any CPU
		{FD39B818-74CA-4612-A65B-37886CC0C26E}.Debug|Any CPU.ActiveCfg = Debug|Any CPU
		{FD39B818-74CA-4612-A65B-37886CC0C26E}.Debug|Any CPU.Build.0 = Debug|Any CPU
		{FD39B818-74CA-4612-A65B-37886CC0C26E}.Release|Any CPU.ActiveCfg = Release|Any CPU
		{FD39B818-74CA-4612-A65B-37886CC0C26E}.Release|Any CPU.Build.0 = Release|Any CPU
	EndGlobalSection
	GlobalSection(SolutionProperties) = preSolution
		HideSolutionNode = FALSE
	EndGlobalSection
EndGlobal
